
Microsoft Visual Studio Solution File, Format Version 12.00
# Visual Studio Version 17
VisualStudioVersion = 17.1.32319.34
MinimumVisualStudioVersion = 10.0.40219.1
Project("{FAE04EC0-301F-11D3-BF4B-00C04F79EFBC}") = "FigureKawaiShop(●'◡'●)", "FigureKawaiShop(●'◡'●)\FigureKawaiShop(●'◡'●).csproj", "{FD823D1E-A434-494D-9CE2-4879BFEBADDC}"
EndProject
Global
	GlobalSection(SolutionConfigurationPlatforms) = preSolution
		Debug|Any CPU = Debug|Any CPU
		Release|Any CPU = Release|Any CPU
	EndGlobalSection
	GlobalSection(ProjectConfigurationPlatforms) = postSolution
		{FD823D1E-A434-494D-9CE2-4879BFEBADDC}.Debug|Any CPU.ActiveCfg = Debug|Any CPU
		{FD823D1E-A434-494D-9CE2-4879BFEBADDC}.Debug|Any CPU.Build.0 = Debug|Any CPU
		{FD823D1E-A434-494D-9CE2-4879BFEBADDC}.Release|Any CPU.ActiveCfg = Release|Any CPU
		{FD823D1E-A434-494D-9CE2-4879BFEBADDC}.Release|Any CPU.Build.0 = Release|Any CPU
	EndGlobalSection
	GlobalSection(SolutionProperties) = preSolution
		HideSolutionNode = FALSE
	EndGlobalSection
	GlobalSection(ExtensibilityGlobals) = postSolution
		SolutionGuid = {9AEAD2AF-EB03-4F3F-AD26-95B3BE3116AD}
	EndGlobalSection
EndGlobal
